
Microsoft Visual Studio Solution File, Format Version 12.00
# Visual Studio Version 17
VisualStudioVersion = 17.9.34607.119
MinimumVisualStudioVersion = 10.0.40219.1
Project("{FAE04EC0-301F-11D3-BF4B-00C04F79EFBC}") = "PANTALLAS", "PANTALLAS\PANTALLAS.csproj", "{76DBAAE8-CD47-4FAB-B533-7A142B3927D5}"
EndProject
Global
	GlobalSection(SolutionConfigurationPlatforms) = preSolution
		Debug|Any CPU = Debug|Any CPU
		Release|Any CPU = Release|Any CPU
	EndGlobalSection
	GlobalSection(ProjectConfigurationPlatforms) = postSolution
		{76DBAAE8-CD47-4FAB-B533-7A142B3927D5}.Debug|Any CPU.ActiveCfg = Debug|Any CPU
		{76DBAAE8-CD47-4FAB-B533-7A142B3927D5}.Debug|Any CPU.Build.0 = Debug|Any CPU
		{76DBAAE8-CD47-4FAB-B533-7A142B3927D5}.Release|Any CPU.ActiveCfg = Release|Any CPU
		{76DBAAE8-CD47-4FAB-B533-7A142B3927D5}.Release|Any CPU.Build.0 = Release|Any CPU
	EndGlobalSection
	GlobalSection(SolutionProperties) = preSolution
		HideSolutionNode = FALSE
	EndGlobalSection
	GlobalSection(ExtensibilityGlobals) = postSolution
		SolutionGuid = {53AA24D4-6AC3-4EA1-BDA7-78516F5008D0}
	EndGlobalSection
EndGlobal
